// !$*UTF8*$!
{
	archiveVersion = 1;
	classes = {
	};
	objectVersion = 77;
	objects = {

/* Begin PBXBuildFile section */
		E069D8912ED4E35B0090FBB1 /* Meme.swift in Sources */ = {isa = PBXBuildFile; fileRef = E069D8832ED4E35B0090FBB1 /* Meme.swift */; };
		E069D8922ED4E35B0090FBB1 /* InstaMemeApp.swift in Sources */ = {isa = PBXBuildFile; fileRef = E069D8802ED4E35B0090FBB1 /* InstaMemeApp.swift */; };
		E069D8932ED4E35B0090FBB1 /* CameraMemeView.swift in Sources */ = {isa = PBXBuildFile; fileRef = E069D88C2ED4E35B0090FBB1 /* CameraMemeView.swift */; };
		E069D8952ED4E35B0090FBB1 /* ImageStore.swift in Sources */ = {isa = PBXBuildFile; fileRef = E069D8872ED4E35B0090FBB1 /* ImageStore.swift */; };
		E069D8982ED4E35B0090FBB1 /* MemeTextOverlay.swift in Sources */ = {isa = PBXBuildFile; fileRef = E069D88A2ED4E35B0090FBB1 /* MemeTextOverlay.swift */; };
		E069D8992ED4E35B0090FBB1 /* MemeAIService.swift in Sources */ = {isa = PBXBuildFile; fileRef = E069D8882ED4E35B0090FBB1 /* MemeAIService.swift */; };
		E069D89A2ED4E35B0090FBB1 /* AppSettings.swift in Sources */ = {isa = PBXBuildFile; fileRef = E069D8822ED4E35B0090FBB1 /* AppSettings.swift */; };
		E069D89B2ED4E35B0090FBB1 /* MemeGalleryView.swift in Sources */ = {isa = PBXBuildFile; fileRef = E069D88E2ED4E35B0090FBB1 /* MemeGalleryView.swift */; };
		E069D89C2ED4E35B0090FBB1 /* .gitkeep in Resources */ = {isa = PBXBuildFile; fileRef = E069D8852ED4E35B0090FBB1 /* .gitkeep */; };
		E069D89E2ED51F820090FBB1 /* CameraCaptureView.swift in Sources */ = {isa = PBXBuildFile; fileRef = E069D89D2ED51F7C0090FBB1 /* CameraCaptureView.swift */; };
		E069D8A12ED537AF0090FBB1 /* MLXLMCommon in Frameworks */ = {isa = PBXBuildFile; productRef = E069D8A02ED537AF0090FBB1 /* MLXLMCommon */; };
		E069D8A32ED537AF0090FBB1 /* MLXVLM in Frameworks */ = {isa = PBXBuildFile; productRef = E069D8A22ED537AF0090FBB1 /* MLXVLM */; };
		E069D8A52ED56D600090FBB1 /* MemeTextModelService.swift in Sources */ = {isa = PBXBuildFile; fileRef = E069D8A42ED56D570090FBB1 /* MemeTextModelService.swift */; };
		E069D8A72ED5705C0090FBB1 /* MLXLLM in Frameworks */ = {isa = PBXBuildFile; productRef = E069D8A62ED5705C0090FBB1 /* MLXLLM */; };
		E069D8A92ED5793E0090FBB1 /* MemeDetailView.swift in Sources */ = {isa = PBXBuildFile; fileRef = E069D8A82ED579350090FBB1 /* MemeDetailView.swift */; };
		E069D8AB2ED5F0630090FBB1 /* ActivityView.swift in Sources */ = {isa = PBXBuildFile; fileRef = E069D8AA2ED5F05E0090FBB1 /* ActivityView.swift */; };
		E069D8B72ED617F90090FBB1 /* MemeRemixView.swift in Sources */ = {isa = PBXBuildFile; fileRef = E069D8B62ED617F10090FBB1 /* MemeRemixView.swift */; };
		E069D8B92ED631AD0090FBB1 /* README.md in Resources */ = {isa = PBXBuildFile; fileRef = E069D8B82ED631A50090FBB1 /* README.md */; };
		E069D8BB2ED66FD50090FBB1 /* MemePersonality.swift in Sources */ = {isa = PBXBuildFile; fileRef = E069D8BA2ED66FCC0090FBB1 /* MemePersonality.swift */; };
		E069D8BD2ED699480090FBB1 /* Assets.xcassets in Resources */ = {isa = PBXBuildFile; fileRef = E069D8BC2ED699480090FBB1 /* Assets.xcassets */; };
		E069D8BE2ED699480090FBB1 /* Assets.xcassets in Resources */ = {isa = PBXBuildFile; fileRef = E069D8BC2ED699480090FBB1 /* Assets.xcassets */; };
/* End PBXBuildFile section */

/* Begin PBXContainerItemProxy section */
		E069D8472ED4B66F0090FBB1 /* PBXContainerItemProxy */ = {
			isa = PBXContainerItemProxy;
			containerPortal = E069D82F2ED4B6690090FBB1 /* Project object */;
			proxyType = 1;
			remoteGlobalIDString = E069D8362ED4B6690090FBB1;
			remoteInfo = InstaMeme;
		};
		E069D8512ED4B66F0090FBB1 /* PBXContainerItemProxy */ = {
			isa = PBXContainerItemProxy;
			containerPortal = E069D82F2ED4B6690090FBB1 /* Project object */;
			proxyType = 1;
			remoteGlobalIDString = E069D8362ED4B6690090FBB1;
			remoteInfo = InstaMeme;
		};
/* End PBXContainerItemProxy section */

/* Begin PBXFileReference section */
		E069D8372ED4B6690090FBB1 /* InstaMeme.app */ = {isa = PBXFileReference; explicitFileType = wrapper.application; includeInIndex = 0; path = InstaMeme.app; sourceTree = BUILT_PRODUCTS_DIR; };
		E069D8462ED4B66F0090FBB1 /* InstaMemeTests.xctest */ = {isa = PBXFileReference; explicitFileType = wrapper.cfbundle; includeInIndex = 0; path = InstaMemeTests.xctest; sourceTree = BUILT_PRODUCTS_DIR; };
		E069D8502ED4B66F0090FBB1 /* InstaMemeUITests.xctest */ = {isa = PBXFileReference; explicitFileType = wrapper.cfbundle; includeInIndex = 0; path = InstaMemeUITests.xctest; sourceTree = BUILT_PRODUCTS_DIR; };
		E069D8802ED4E35B0090FBB1 /* InstaMemeApp.swift */ = {isa = PBXFileReference; lastKnownFileType = sourcecode.swift; path = InstaMemeApp.swift; sourceTree = "<group>"; };
		E069D8822ED4E35B0090FBB1 /* AppSettings.swift */ = {isa = PBXFileReference; lastKnownFileType = sourcecode.swift; path = AppSettings.swift; sourceTree = "<group>"; };
		E069D8832ED4E35B0090FBB1 /* Meme.swift */ = {isa = PBXFileReference; lastKnownFileType = sourcecode.swift; path = Meme.swift; sourceTree = "<group>"; };
		E069D8852ED4E35B0090FBB1 /* .gitkeep */ = {isa = PBXFileReference; lastKnownFileType = text; path = .gitkeep; sourceTree = "<group>"; };
		E069D8872ED4E35B0090FBB1 /* ImageStore.swift */ = {isa = PBXFileReference; lastKnownFileType = sourcecode.swift; path = ImageStore.swift; sourceTree = "<group>"; };
		E069D8882ED4E35B0090FBB1 /* MemeAIService.swift */ = {isa = PBXFileReference; lastKnownFileType = sourcecode.swift; path = MemeAIService.swift; sourceTree = "<group>"; };
		E069D88A2ED4E35B0090FBB1 /* MemeTextOverlay.swift */ = {isa = PBXFileReference; lastKnownFileType = sourcecode.swift; path = MemeTextOverlay.swift; sourceTree = "<group>"; };
		E069D88C2ED4E35B0090FBB1 /* CameraMemeView.swift */ = {isa = PBXFileReference; lastKnownFileType = sourcecode.swift; path = CameraMemeView.swift; sourceTree = "<group>"; };
		E069D88E2ED4E35B0090FBB1 /* MemeGalleryView.swift */ = {isa = PBXFileReference; lastKnownFileType = sourcecode.swift; path = MemeGalleryView.swift; sourceTree = "<group>"; };
		E069D89D2ED51F7C0090FBB1 /* CameraCaptureView.swift */ = {isa = PBXFileReference; lastKnownFileType = sourcecode.swift; path = CameraCaptureView.swift; sourceTree = "<group>"; };
		E069D8A42ED56D570090FBB1 /* MemeTextModelService.swift */ = {isa = PBXFileReference; lastKnownFileType = sourcecode.swift; path = MemeTextModelService.swift; sourceTree = "<group>"; };
		E069D8A82ED579350090FBB1 /* MemeDetailView.swift */ = {isa = PBXFileReference; lastKnownFileType = sourcecode.swift; path = MemeDetailView.swift; sourceTree = "<group>"; };
		E069D8AA2ED5F05E0090FBB1 /* ActivityView.swift */ = {isa = PBXFileReference; lastKnownFileType = sourcecode.swift; path = ActivityView.swift; sourceTree = "<group>"; };
		E069D8B62ED617F10090FBB1 /* MemeRemixView.swift */ = {isa = PBXFileReference; lastKnownFileType = sourcecode.swift; path = MemeRemixView.swift; sourceTree = "<group>"; };
		E069D8B82ED631A50090FBB1 /* README.md */ = {isa = PBXFileReference; lastKnownFileType = net.daringfireball.markdown; path = README.md; sourceTree = "<group>"; };
		E069D8BA2ED66FCC0090FBB1 /* MemePersonality.swift */ = {isa = PBXFileReference; lastKnownFileType = sourcecode.swift; path = MemePersonality.swift; sourceTree = "<group>"; };
		E069D8BC2ED699480090FBB1 /* Assets.xcassets */ = {isa = PBXFileReference; lastKnownFileType = folder.assetcatalog; path = Assets.xcassets; sourceTree = "<group>"; };
/* End PBXFileReference section */

/* Begin PBXFileSystemSynchronizedBuildFileExceptionSet section */
		E069D8B12ED5F9630090FBB1 /* Exceptions for "Extensions" folder in "InstaMeme" target */ = {
			isa = PBXFileSystemSynchronizedBuildFileExceptionSet;
			membershipExceptions = (
				"UIImage+Meme.swift",
				"UIImage+Resize.swift",
			);
			target = E069D8362ED4B6690090FBB1 /* InstaMeme */;
		};
/* End PBXFileSystemSynchronizedBuildFileExceptionSet section */

/* Begin PBXFileSystemSynchronizedRootGroup section */
		E069D8492ED4B66F0090FBB1 /* InstaMemeTests */ = {
			isa = PBXFileSystemSynchronizedRootGroup;
			path = InstaMemeTests;
			sourceTree = "<group>";
		};
		E069D8532ED4B66F0090FBB1 /* InstaMemeUITests */ = {
			isa = PBXFileSystemSynchronizedRootGroup;
			path = InstaMemeUITests;
			sourceTree = "<group>";
		};
		E069D8AC2ED5F7150090FBB1 /* Extensions */ = {
			isa = PBXFileSystemSynchronizedRootGroup;
			exceptions = (
				E069D8B12ED5F9630090FBB1 /* Exceptions for "Extensions" folder in "InstaMeme" target */,
			);
			path = Extensions;
			sourceTree = "<group>";
		};
/* End PBXFileSystemSynchronizedRootGroup section */

/* Begin PBXFrameworksBuildPhase section */
		E069D8342ED4B6690090FBB1 /* Frameworks */ = {
			isa = PBXFrameworksBuildPhase;
			buildActionMask = 2147483647;
			files = (
				E069D8A72ED5705C0090FBB1 /* MLXLLM in Frameworks */,
				E069D8A32ED537AF0090FBB1 /* MLXVLM in Frameworks */,
				E069D8A12ED537AF0090FBB1 /* MLXLMCommon in Frameworks */,
			);
			runOnlyForDeploymentPostprocessing = 0;
		};
		E069D8432ED4B66F0090FBB1 /* Frameworks */ = {
			isa = PBXFrameworksBuildPhase;
			buildActionMask = 2147483647;
			files = (
			);
			runOnlyForDeploymentPostprocessing = 0;
		};
		E069D84D2ED4B66F0090FBB1 /* Frameworks */ = {
			isa = PBXFrameworksBuildPhase;
			buildActionMask = 2147483647;
			files = (
			);
			runOnlyForDeploymentPostprocessing = 0;
		};
/* End PBXFrameworksBuildPhase section */

/* Begin PBXGroup section */
		E069D82E2ED4B6690090FBB1 = {
			isa = PBXGroup;
			children = (
				E069D8BC2ED699480090FBB1 /* Assets.xcassets */,
				E069D8B82ED631A50090FBB1 /* README.md */,
				E069D8AC2ED5F7150090FBB1 /* Extensions */,
				E069D8812ED4E35B0090FBB1 /* App */,
				E069D8842ED4E35B0090FBB1 /* Models */,
				E069D8862ED4E35B0090FBB1 /* Resources */,
				E069D8892ED4E35B0090FBB1 /* Services */,
				E069D8902ED4E35B0090FBB1 /* Views */,
				E069D8492ED4B66F0090FBB1 /* InstaMemeTests */,
				E069D8532ED4B66F0090FBB1 /* InstaMemeUITests */,
				E069D8382ED4B6690090FBB1 /* Products */,
			);
			sourceTree = "<group>";
		};
		E069D8382ED4B6690090FBB1 /* Products */ = {
			isa = PBXGroup;
			children = (
				E069D8372ED4B6690090FBB1 /* InstaMeme.app */,
				E069D8462ED4B66F0090FBB1 /* InstaMemeTests.xctest */,
				E069D8502ED4B66F0090FBB1 /* InstaMemeUITests.xctest */,
			);
			name = Products;
			sourceTree = "<group>";
		};
		E069D8812ED4E35B0090FBB1 /* App */ = {
			isa = PBXGroup;
			children = (
				E069D8802ED4E35B0090FBB1 /* InstaMemeApp.swift */,
			);
			path = App;
			sourceTree = "<group>";
		};
		E069D8842ED4E35B0090FBB1 /* Models */ = {
			isa = PBXGroup;
			children = (
				E069D8BA2ED66FCC0090FBB1 /* MemePersonality.swift */,
				E069D8822ED4E35B0090FBB1 /* AppSettings.swift */,
				E069D8832ED4E35B0090FBB1 /* Meme.swift */,
			);
			path = Models;
			sourceTree = "<group>";
		};
		E069D8862ED4E35B0090FBB1 /* Resources */ = {
			isa = PBXGroup;
			children = (
				E069D8852ED4E35B0090FBB1 /* .gitkeep */,
			);
			path = Resources;
			sourceTree = "<group>";
		};
		E069D8892ED4E35B0090FBB1 /* Services */ = {
			isa = PBXGroup;
			children = (
				E069D8A42ED56D570090FBB1 /* MemeTextModelService.swift */,
				E069D8872ED4E35B0090FBB1 /* ImageStore.swift */,
				E069D8882ED4E35B0090FBB1 /* MemeAIService.swift */,
			);
			path = Services;
			sourceTree = "<group>";
		};
		E069D88B2ED4E35B0090FBB1 /* Components */ = {
			isa = PBXGroup;
			children = (
				E069D89D2ED51F7C0090FBB1 /* CameraCaptureView.swift */,
				E069D88A2ED4E35B0090FBB1 /* MemeTextOverlay.swift */,
			);
			path = Components;
			sourceTree = "<group>";
		};
		E069D8902ED4E35B0090FBB1 /* Views */ = {
			isa = PBXGroup;
			children = (
				E069D8B62ED617F10090FBB1 /* MemeRemixView.swift */,
				E069D8AA2ED5F05E0090FBB1 /* ActivityView.swift */,
				E069D8A82ED579350090FBB1 /* MemeDetailView.swift */,
				E069D88B2ED4E35B0090FBB1 /* Components */,
				E069D88C2ED4E35B0090FBB1 /* CameraMemeView.swift */,
				E069D88E2ED4E35B0090FBB1 /* MemeGalleryView.swift */,
			);
			path = Views;
			sourceTree = "<group>";
		};
/* End PBXGroup section */

/* Begin PBXNativeTarget section */
		E069D8362ED4B6690090FBB1 /* InstaMeme */ = {
			isa = PBXNativeTarget;
			buildConfigurationList = E069D85A2ED4B66F0090FBB1 /* Build configuration list for PBXNativeTarget "InstaMeme" */;
			buildPhases = (
				E069D8332ED4B6690090FBB1 /* Sources */,
				E069D8342ED4B6690090FBB1 /* Frameworks */,
				E069D8352ED4B6690090FBB1 /* Resources */,
			);
			buildRules = (
			);
			dependencies = (
			);
			name = InstaMeme;
			packageProductDependencies = (
				E069D8A02ED537AF0090FBB1 /* MLXLMCommon */,
				E069D8A22ED537AF0090FBB1 /* MLXVLM */,
				E069D8A62ED5705C0090FBB1 /* MLXLLM */,
			);
			productName = InstaMeme;
			productReference = E069D8372ED4B6690090FBB1 /* InstaMeme.app */;
			productType = "com.apple.product-type.application";
		};
		E069D8452ED4B66F0090FBB1 /* InstaMemeTests */ = {
			isa = PBXNativeTarget;
			buildConfigurationList = E069D85D2ED4B66F0090FBB1 /* Build configuration list for PBXNativeTarget "InstaMemeTests" */;
			buildPhases = (
				E069D8422ED4B66F0090FBB1 /* Sources */,
				E069D8432ED4B66F0090FBB1 /* Frameworks */,
				E069D8442ED4B66F0090FBB1 /* Resources */,
			);
			buildRules = (
			);
			dependencies = (
				E069D8482ED4B66F0090FBB1 /* PBXTargetDependency */,
			);
			fileSystemSynchronizedGroups = (
				E069D8492ED4B66F0090FBB1 /* InstaMemeTests */,
				E069D8AC2ED5F7150090FBB1 /* Extensions */,
			);
			name = InstaMemeTests;
			packageProductDependencies = (
			);
			productName = InstaMemeTests;
			productReference = E069D8462ED4B66F0090FBB1 /* InstaMemeTests.xctest */;
			productType = "com.apple.product-type.bundle.unit-test";
		};
		E069D84F2ED4B66F0090FBB1 /* InstaMemeUITests */ = {
			isa = PBXNativeTarget;
			buildConfigurationList = E069D8602ED4B66F0090FBB1 /* Build configuration list for PBXNativeTarget "InstaMemeUITests" */;
			buildPhases = (
				E069D84C2ED4B66F0090FBB1 /* Sources */,
				E069D84D2ED4B66F0090FBB1 /* Frameworks */,
				E069D84E2ED4B66F0090FBB1 /* Resources */,
			);
			buildRules = (
			);
			dependencies = (
				E069D8522ED4B66F0090FBB1 /* PBXTargetDependency */,
			);
			fileSystemSynchronizedGroups = (
				E069D8532ED4B66F0090FBB1 /* InstaMemeUITests */,
			);
			name = InstaMemeUITests;
			packageProductDependencies = (
			);
			productName = InstaMemeUITests;
			productReference = E069D8502ED4B66F0090FBB1 /* InstaMemeUITests.xctest */;
			productType = "com.apple.product-type.bundle.ui-testing";
		};
/* End PBXNativeTarget section */

/* Begin PBXProject section */
		E069D82F2ED4B6690090FBB1 /* Project object */ = {
			isa = PBXProject;
			attributes = {
				BuildIndependentTargetsInParallel = 1;
				LastSwiftUpdateCheck = 2600;
				LastUpgradeCheck = 2600;
				TargetAttributes = {
					E069D8362ED4B6690090FBB1 = {
						CreatedOnToolsVersion = 26.0;
					};
					E069D8452ED4B66F0090FBB1 = {
						CreatedOnToolsVersion = 26.0;
						TestTargetID = E069D8362ED4B6690090FBB1;
					};
					E069D84F2ED4B66F0090FBB1 = {
						CreatedOnToolsVersion = 26.0;
						TestTargetID = E069D8362ED4B6690090FBB1;
					};
				};
			};
			buildConfigurationList = E069D8322ED4B6690090FBB1 /* Build configuration list for PBXProject "InstaMeme" */;
			developmentRegion = en;
			hasScannedForEncodings = 0;
			knownRegions = (
				en,
				Base,
			);
			mainGroup = E069D82E2ED4B6690090FBB1;
			minimizedProjectReferenceProxies = 1;
			packageReferences = (
				E069D89F2ED537AF0090FBB1 /* XCRemoteSwiftPackageReference "mlx-swift-lm" */,
			);
			preferredProjectObjectVersion = 77;
			productRefGroup = E069D8382ED4B6690090FBB1 /* Products */;
			projectDirPath = "";
			projectRoot = "";
			targets = (
				E069D8362ED4B6690090FBB1 /* InstaMeme */,
				E069D8452ED4B66F0090FBB1 /* InstaMemeTests */,
				E069D84F2ED4B66F0090FBB1 /* InstaMemeUITests */,
			);
		};
/* End PBXProject section */

/* Begin PBXResourcesBuildPhase section */
		E069D8352ED4B6690090FBB1 /* Resources */ = {
			isa = PBXResourcesBuildPhase;
			buildActionMask = 2147483647;
			files = (
				E069D8BE2ED699480090FBB1 /* Assets.xcassets in Resources */,
				E069D89C2ED4E35B0090FBB1 /* .gitkeep in Resources */,
			);
			runOnlyForDeploymentPostprocessing = 0;
		};
		E069D8442ED4B66F0090FBB1 /* Resources */ = {
			isa = PBXResourcesBuildPhase;
			buildActionMask = 2147483647;
			files = (
				E069D8BD2ED699480090FBB1 /* Assets.xcassets in Resources */,
				E069D8B92ED631AD0090FBB1 /* README.md in Resources */,
			);
			runOnlyForDeploymentPostprocessing = 0;
		};
		E069D84E2ED4B66F0090FBB1 /* Resources */ = {
			isa = PBXResourcesBuildPhase;
			buildActionMask = 2147483647;
			files = (
			);
			runOnlyForDeploymentPostprocessing = 0;
		};
/* End PBXResourcesBuildPhase section */

/* Begin PBXSourcesBuildPhase section */
		E069D8332ED4B6690090FBB1 /* Sources */ = {
			isa = PBXSourcesBuildPhase;
			buildActionMask = 2147483647;
			files = (
				E069D8912ED4E35B0090FBB1 /* Meme.swift in Sources */,
				E069D8922ED4E35B0090FBB1 /* InstaMemeApp.swift in Sources */,
				E069D8B72ED617F90090FBB1 /* MemeRemixView.swift in Sources */,
				E069D8932ED4E35B0090FBB1 /* CameraMemeView.swift in Sources */,
				E069D8BB2ED66FD50090FBB1 /* MemePersonality.swift in Sources */,
				E069D8952ED4E35B0090FBB1 /* ImageStore.swift in Sources */,
				E069D89E2ED51F820090FBB1 /* CameraCaptureView.swift in Sources */,
				E069D8AB2ED5F0630090FBB1 /* ActivityView.swift in Sources */,
				E069D8982ED4E35B0090FBB1 /* MemeTextOverlay.swift in Sources */,
				E069D8992ED4E35B0090FBB1 /* MemeAIService.swift in Sources */,
				E069D8A52ED56D600090FBB1 /* MemeTextModelService.swift in Sources */,
				E069D89A2ED4E35B0090FBB1 /* AppSettings.swift in Sources */,
				E069D89B2ED4E35B0090FBB1 /* MemeGalleryView.swift in Sources */,
				E069D8A92ED5793E0090FBB1 /* MemeDetailView.swift in Sources */,
			);
			runOnlyForDeploymentPostprocessing = 0;
		};
		E069D8422ED4B66F0090FBB1 /* Sources */ = {
			isa = PBXSourcesBuildPhase;
			buildActionMask = 2147483647;
			files = (
			);
			runOnlyForDeploymentPostprocessing = 0;
		};
		E069D84C2ED4B66F0090FBB1 /* Sources */ = {
			isa = PBXSourcesBuildPhase;
			buildActionMask = 2147483647;
			files = (
			);
			runOnlyForDeploymentPostprocessing = 0;
		};
/* End PBXSourcesBuildPhase section */

/* Begin PBXTargetDependency section */
		E069D8482ED4B66F0090FBB1 /* PBXTargetDependency */ = {
			isa = PBXTargetDependency;
			target = E069D8362ED4B6690090FBB1 /* InstaMeme */;
			targetProxy = E069D8472ED4B66F0090FBB1 /* PBXContainerItemProxy */;
		};
		E069D8522ED4B66F0090FBB1 /* PBXTargetDependency */ = {
			isa = PBXTargetDependency;
			target = E069D8362ED4B6690090FBB1 /* InstaMeme */;
			targetProxy = E069D8512ED4B66F0090FBB1 /* PBXContainerItemProxy */;
		};
/* End PBXTargetDependency section */

/* Begin XCBuildConfiguration section */
		E069D8582ED4B66F0090FBB1 /* Debug */ = {
			isa = XCBuildConfiguration;
			buildSettings = {
				ALWAYS_SEARCH_USER_PATHS = NO;
				ASSETCATALOG_COMPILER_GENERATE_SWIFT_ASSET_SYMBOL_EXTENSIONS = YES;
				CLANG_ANALYZER_NONNULL = YES;
				CLANG_ANALYZER_NUMBER_OBJECT_CONVERSION = YES_AGGRESSIVE;
				CLANG_CXX_LANGUAGE_STANDARD = "gnu++20";
				CLANG_ENABLE_MODULES = YES;
				CLANG_ENABLE_OBJC_ARC = YES;
				CLANG_ENABLE_OBJC_WEAK = YES;
				CLANG_WARN_BLOCK_CAPTURE_AUTORELEASING = YES;
				CLANG_WARN_BOOL_CONVERSION = YES;
				CLANG_WARN_COMMA = YES;
				CLANG_WARN_CONSTANT_CONVERSION = YES;
				CLANG_WARN_DEPRECATED_OBJC_IMPLEMENTATIONS = YES;
				CLANG_WARN_DIRECT_OBJC_ISA_USAGE = YES_ERROR;
				CLANG_WARN_DOCUMENTATION_COMMENTS = YES;
				CLANG_WARN_EMPTY_BODY = YES;
				CLANG_WARN_ENUM_CONVERSION = YES;
				CLANG_WARN_INFINITE_RECURSION = YES;
				CLANG_WARN_INT_CONVERSION = YES;
				CLANG_WARN_NON_LITERAL_NULL_CONVERSION = YES;
				CLANG_WARN_OBJC_IMPLICIT_RETAIN_SELF = YES;
				CLANG_WARN_OBJC_LITERAL_CONVERSION = YES;
				CLANG_WARN_OBJC_ROOT_CLASS = YES_ERROR;
				CLANG_WARN_QUOTED_INCLUDE_IN_FRAMEWORK_HEADER = YES;
				CLANG_WARN_RANGE_LOOP_ANALYSIS = YES;
				CLANG_WARN_STRICT_PROTOTYPES = YES;
				CLANG_WARN_SUSPICIOUS_MOVE = YES;
				CLANG_WARN_UNGUARDED_AVAILABILITY = YES_AGGRESSIVE;
				CLANG_WARN_UNREACHABLE_CODE = YES;
				CLANG_WARN__DUPLICATE_METHOD_MATCH = YES;
				COPY_PHASE_STRIP = NO;
				DEBUG_INFORMATION_FORMAT = dwarf;
				DEVELOPMENT_TEAM = NT5JU5RHR2;
				ENABLE_STRICT_OBJC_MSGSEND = YES;
				ENABLE_TESTABILITY = YES;
				ENABLE_USER_SCRIPT_SANDBOXING = YES;
				GCC_C_LANGUAGE_STANDARD = gnu17;
				GCC_DYNAMIC_NO_PIC = NO;
				GCC_NO_COMMON_BLOCKS = YES;
				GCC_OPTIMIZATION_LEVEL = 0;
				GCC_PREPROCESSOR_DEFINITIONS = (
					"DEBUG=1",
					"$(inherited)",
				);
				GCC_WARN_64_TO_32_BIT_CONVERSION = YES;
				GCC_WARN_ABOUT_RETURN_TYPE = YES_ERROR;
				GCC_WARN_UNDECLARED_SELECTOR = YES;
				GCC_WARN_UNINITIALIZED_AUTOS = YES_AGGRESSIVE;
				GCC_WARN_UNUSED_FUNCTION = YES;
				GCC_WARN_UNUSED_VARIABLE = YES;
				IPHONEOS_DEPLOYMENT_TARGET = 26.0;
				LOCALIZATION_PREFERS_STRING_CATALOGS = YES;
				MTL_ENABLE_DEBUG_INFO = INCLUDE_SOURCE;
				MTL_FAST_MATH = YES;
				ONLY_ACTIVE_ARCH = YES;
				SDKROOT = iphoneos;
				SWIFT_ACTIVE_COMPILATION_CONDITIONS = "DEBUG $(inherited)";
				SWIFT_OPTIMIZATION_LEVEL = "-Onone";
			};
			name = Debug;
		};
		E069D8592ED4B66F0090FBB1 /* Release */ = {
			isa = XCBuildConfiguration;
			buildSettings = {
				ALWAYS_SEARCH_USER_PATHS = NO;
				ASSETCATALOG_COMPILER_GENERATE_SWIFT_ASSET_SYMBOL_EXTENSIONS = YES;
				CLANG_ANALYZER_NONNULL = YES;
				CLANG_ANALYZER_NUMBER_OBJECT_CONVERSION = YES_AGGRESSIVE;
				CLANG_CXX_LANGUAGE_STANDARD = "gnu++20";
				CLANG_ENABLE_MODULES = YES;
				CLANG_ENABLE_OBJC_ARC = YES;
				CLANG_ENABLE_OBJC_WEAK = YES;
				CLANG_WARN_BLOCK_CAPTURE_AUTORELEASING = YES;
				CLANG_WARN_BOOL_CONVERSION = YES;
				CLANG_WARN_COMMA = YES;
				CLANG_WARN_CONSTANT_CONVERSION = YES;
				CLANG_WARN_DEPRECATED_OBJC_IMPLEMENTATIONS = YES;
				CLANG_WARN_DIRECT_OBJC_ISA_USAGE = YES_ERROR;
				CLANG_WARN_DOCUMENTATION_COMMENTS = YES;
				CLANG_WARN_EMPTY_BODY = YES;
				CLANG_WARN_ENUM_CONVERSION = YES;
				CLANG_WARN_INFINITE_RECURSION = YES;
				CLANG_WARN_INT_CONVERSION = YES;
				CLANG_WARN_NON_LITERAL_NULL_CONVERSION = YES;
				CLANG_WARN_OBJC_IMPLICIT_RETAIN_SELF = YES;
				CLANG_WARN_OBJC_LITERAL_CONVERSION = YES;
				CLANG_WARN_OBJC_ROOT_CLASS = YES_ERROR;
				CLANG_WARN_QUOTED_INCLUDE_IN_FRAMEWORK_HEADER = YES;
				CLANG_WARN_RANGE_LOOP_ANALYSIS = YES;
				CLANG_WARN_STRICT_PROTOTYPES = YES;
				CLANG_WARN_SUSPICIOUS_MOVE = YES;
				CLANG_WARN_UNGUARDED_AVAILABILITY = YES_AGGRESSIVE;
				CLANG_WARN_UNREACHABLE_CODE = YES;
				CLANG_WARN__DUPLICATE_METHOD_MATCH = YES;
				COPY_PHASE_STRIP = NO;
				DEBUG_INFORMATION_FORMAT = "dwarf-with-dsym";
				DEVELOPMENT_TEAM = NT5JU5RHR2;
				ENABLE_NS_ASSERTIONS = NO;
				ENABLE_STRICT_OBJC_MSGSEND = YES;
				ENABLE_USER_SCRIPT_SANDBOXING = YES;
				GCC_C_LANGUAGE_STANDARD = gnu17;
				GCC_NO_COMMON_BLOCKS = YES;
				GCC_WARN_64_TO_32_BIT_CONVERSION = YES;
				GCC_WARN_ABOUT_RETURN_TYPE = YES_ERROR;
				GCC_WARN_UNDECLARED_SELECTOR = YES;
				GCC_WARN_UNINITIALIZED_AUTOS = YES_AGGRESSIVE;
				GCC_WARN_UNUSED_FUNCTION = YES;
				GCC_WARN_UNUSED_VARIABLE = YES;
				IPHONEOS_DEPLOYMENT_TARGET = 26.0;
				LOCALIZATION_PREFERS_STRING_CATALOGS = YES;
				MTL_ENABLE_DEBUG_INFO = NO;
				MTL_FAST_MATH = YES;
				SDKROOT = iphoneos;
				SWIFT_COMPILATION_MODE = wholemodule;
				VALIDATE_PRODUCT = YES;
			};
			name = Release;
		};
		E069D85B2ED4B66F0090FBB1 /* Debug */ = {
			isa = XCBuildConfiguration;
			buildSettings = {
				ASSETCATALOG_COMPILER_APPICON_NAME = AppIcon;
				ASSETCATALOG_COMPILER_GLOBAL_ACCENT_COLOR_NAME = AccentColor;
				ASSETCATALOG_COMPILER_INCLUDE_ALL_APPICON_ASSETS = YES;
				CODE_SIGN_STYLE = Automatic;
				CURRENT_PROJECT_VERSION = 1;
				DEVELOPMENT_TEAM = NT5JU5RHR2;
				ENABLE_PREVIEWS = YES;
				GENERATE_INFOPLIST_FILE = YES;
				INFOPLIST_KEY_CFBundleDisplayName = InstaMeme;
				INFOPLIST_KEY_LSApplicationCategoryType = "public.app-category.entertainment";
				INFOPLIST_KEY_NSCameraUsageDescription = "InstaMeme uses the camera so you can capture photos and turn them into memes.";
				INFOPLIST_KEY_NSPhotoLibraryUsageDescription = "InstaMeme needs access to your photo library to let you select images for memes.";
				INFOPLIST_KEY_UIApplicationSceneManifest_Generation = YES;
				INFOPLIST_KEY_UIApplicationSupportsIndirectInputEvents = YES;
				INFOPLIST_KEY_UILaunchScreen_Generation = YES;
				INFOPLIST_KEY_UISupportedInterfaceOrientations_iPad = "UIInterfaceOrientationPortrait UIInterfaceOrientationPortraitUpsideDown UIInterfaceOrientationLandscapeLeft UIInterfaceOrientationLandscapeRight";
				INFOPLIST_KEY_UISupportedInterfaceOrientations_iPhone = "UIInterfaceOrientationPortrait UIInterfaceOrientationLandscapeLeft UIInterfaceOrientationLandscapeRight";
				LD_RUNPATH_SEARCH_PATHS = (
					"$(inherited)",
					"@executable_path/Frameworks",
				);
				MARKETING_VERSION = 1.0;
				PRODUCT_BUNDLE_IDENTIFIER = com.mkfoster.InstaMeme;
				PRODUCT_NAME = "$(TARGET_NAME)";
				STRING_CATALOG_GENERATE_SYMBOLS = YES;
				SWIFT_APPROACHABLE_CONCURRENCY = YES;
				SWIFT_DEFAULT_ACTOR_ISOLATION = MainActor;
				SWIFT_EMIT_LOC_STRINGS = YES;
				SWIFT_UPCOMING_FEATURE_MEMBER_IMPORT_VISIBILITY = YES;
				SWIFT_VERSION = 5.0;
				TARGETED_DEVICE_FAMILY = "1,2";
			};
			name = Debug;
		};
		E069D85C2ED4B66F0090FBB1 /* Release */ = {
			isa = XCBuildConfiguration;
			buildSettings = {
				ASSETCATALOG_COMPILER_APPICON_NAME = AppIcon;
				ASSETCATALOG_COMPILER_GLOBAL_ACCENT_COLOR_NAME = AccentColor;
				ASSETCATALOG_COMPILER_INCLUDE_ALL_APPICON_ASSETS = YES;
				CODE_SIGN_STYLE = Automatic;
				CURRENT_PROJECT_VERSION = 1;
				DEVELOPMENT_TEAM = NT5JU5RHR2;
				ENABLE_PREVIEWS = YES;
				GENERATE_INFOPLIST_FILE = YES;
				INFOPLIST_KEY_CFBundleDisplayName = InstaMeme;
				INFOPLIST_KEY_LSApplicationCategoryType = "public.app-category.entertainment";
				INFOPLIST_KEY_NSCameraUsageDescription = "InstaMeme uses the camera so you can capture photos and turn them into memes.";
				INFOPLIST_KEY_NSPhotoLibraryUsageDescription = "InstaMeme needs access to your photo library to let you select images for memes.";
				INFOPLIST_KEY_UIApplicationSceneManifest_Generation = YES;
				INFOPLIST_KEY_UIApplicationSupportsIndirectInputEvents = YES;
				INFOPLIST_KEY_UILaunchScreen_Generation = YES;
				INFOPLIST_KEY_UISupportedInterfaceOrientations_iPad = "UIInterfaceOrientationPortrait UIInterfaceOrientationPortraitUpsideDown UIInterfaceOrientationLandscapeLeft UIInterfaceOrientationLandscapeRight";
				INFOPLIST_KEY_UISupportedInterfaceOrientations_iPhone = "UIInterfaceOrientationPortrait UIInterfaceOrientationLandscapeLeft UIInterfaceOrientationLandscapeRight";
				LD_RUNPATH_SEARCH_PATHS = (
					"$(inherited)",
					"@executable_path/Frameworks",
				);
				MARKETING_VERSION = 1.0;
				PRODUCT_BUNDLE_IDENTIFIER = com.mkfoster.InstaMeme;
				PRODUCT_NAME = "$(TARGET_NAME)";
				STRING_CATALOG_GENERATE_SYMBOLS = YES;
				SWIFT_APPROACHABLE_CONCURRENCY = YES;
				SWIFT_DEFAULT_ACTOR_ISOLATION = MainActor;
				SWIFT_EMIT_LOC_STRINGS = YES;
				SWIFT_UPCOMING_FEATURE_MEMBER_IMPORT_VISIBILITY = YES;
				SWIFT_VERSION = 5.0;
				TARGETED_DEVICE_FAMILY = "1,2";
			};
			name = Release;
		};
		E069D85E2ED4B66F0090FBB1 /* Debug */ = {
			isa = XCBuildConfiguration;
			buildSettings = {
				BUNDLE_LOADER = "$(TEST_HOST)";
				CODE_SIGN_STYLE = Automatic;
				CURRENT_PROJECT_VERSION = 1;
				DEVELOPMENT_TEAM = NT5JU5RHR2;
				GENERATE_INFOPLIST_FILE = YES;
				IPHONEOS_DEPLOYMENT_TARGET = 26.0;
				MARKETING_VERSION = 1.0;
				PRODUCT_BUNDLE_IDENTIFIER = com.mkfoster.InstaMemeTests;
				PRODUCT_NAME = "$(TARGET_NAME)";
				STRING_CATALOG_GENERATE_SYMBOLS = NO;
				SWIFT_APPROACHABLE_CONCURRENCY = YES;
				SWIFT_EMIT_LOC_STRINGS = NO;
				SWIFT_UPCOMING_FEATURE_MEMBER_IMPORT_VISIBILITY = YES;
				SWIFT_VERSION = 5.0;
				TARGETED_DEVICE_FAMILY = "1,2";
				TEST_HOST = "$(BUILT_PRODUCTS_DIR)/InstaMeme.app/$(BUNDLE_EXECUTABLE_FOLDER_PATH)/InstaMeme";
			};
			name = Debug;
		};
		E069D85F2ED4B66F0090FBB1 /* Release */ = {
			isa = XCBuildConfiguration;
			buildSettings = {
				BUNDLE_LOADER = "$(TEST_HOST)";
				CODE_SIGN_STYLE = Automatic;
				CURRENT_PROJECT_VERSION = 1;
				DEVELOPMENT_TEAM = NT5JU5RHR2;
				GENERATE_INFOPLIST_FILE = YES;
				IPHONEOS_DEPLOYMENT_TARGET = 26.0;
				MARKETING_VERSION = 1.0;
				PRODUCT_BUNDLE_IDENTIFIER = com.mkfoster.InstaMemeTests;
				PRODUCT_NAME = "$(TARGET_NAME)";
				STRING_CATALOG_GENERATE_SYMBOLS = NO;
				SWIFT_APPROACHABLE_CONCURRENCY = YES;
				SWIFT_EMIT_LOC_STRINGS = NO;
				SWIFT_UPCOMING_FEATURE_MEMBER_IMPORT_VISIBILITY = YES;
				SWIFT_VERSION = 5.0;
				TARGETED_DEVICE_FAMILY = "1,2";
				TEST_HOST = "$(BUILT_PRODUCTS_DIR)/InstaMeme.app/$(BUNDLE_EXECUTABLE_FOLDER_PATH)/InstaMeme";
			};
			name = Release;
		};
		E069D8612ED4B66F0090FBB1 /* Debug */ = {
			isa = XCBuildConfiguration;
			buildSettings = {
				CODE_SIGN_STYLE = Automatic;
				CURRENT_PROJECT_VERSION = 1;
				DEVELOPMENT_TEAM = NT5JU5RHR2;
				GENERATE_INFOPLIST_FILE = YES;
				MARKETING_VERSION = 1.0;
				PRODUCT_BUNDLE_IDENTIFIER = com.mkfoster.InstaMemeUITests;
				PRODUCT_NAME = "$(TARGET_NAME)";
				STRING_CATALOG_GENERATE_SYMBOLS = NO;
				SWIFT_APPROACHABLE_CONCURRENCY = YES;
				SWIFT_EMIT_LOC_STRINGS = NO;
				SWIFT_UPCOMING_FEATURE_MEMBER_IMPORT_VISIBILITY = YES;
				SWIFT_VERSION = 5.0;
				TARGETED_DEVICE_FAMILY = "1,2";
				TEST_TARGET_NAME = InstaMeme;
			};
			name = Debug;
		};
		E069D8622ED4B66F0090FBB1 /* Release */ = {
			isa = XCBuildConfiguration;
			buildSettings = {
				CODE_SIGN_STYLE = Automatic;
				CURRENT_PROJECT_VERSION = 1;
				DEVELOPMENT_TEAM = NT5JU5RHR2;
				GENERATE_INFOPLIST_FILE = YES;
				MARKETING_VERSION = 1.0;
				PRODUCT_BUNDLE_IDENTIFIER = com.mkfoster.InstaMemeUITests;
				PRODUCT_NAME = "$(TARGET_NAME)";
				STRING_CATALOG_GENERATE_SYMBOLS = NO;
				SWIFT_APPROACHABLE_CONCURRENCY = YES;
				SWIFT_EMIT_LOC_STRINGS = NO;
				SWIFT_UPCOMING_FEATURE_MEMBER_IMPORT_VISIBILITY = YES;
				SWIFT_VERSION = 5.0;
				TARGETED_DEVICE_FAMILY = "1,2";
				TEST_TARGET_NAME = InstaMeme;
			};
			name = Release;
		};
/* End XCBuildConfiguration section */

/* Begin XCConfigurationList section */
		E069D8322ED4B6690090FBB1 /* Build configuration list for PBXProject "InstaMeme" */ = {
			isa = XCConfigurationList;
			buildConfigurations = (
				E069D8582ED4B66F0090FBB1 /* Debug */,
				E069D8592ED4B66F0090FBB1 /* Release */,
			);
			defaultConfigurationIsVisible = 0;
			defaultConfigurationName = Release;
		};
		E069D85A2ED4B66F0090FBB1 /* Build configuration list for PBXNativeTarget "InstaMeme" */ = {
			isa = XCConfigurationList;
			buildConfigurations = (
				E069D85B2ED4B66F0090FBB1 /* Debug */,
				E069D85C2ED4B66F0090FBB1 /* Release */,
			);
			defaultConfigurationIsVisible = 0;
			defaultConfigurationName = Release;
		};
		E069D85D2ED4B66F0090FBB1 /* Build configuration list for PBXNativeTarget "InstaMemeTests" */ = {
			isa = XCConfigurationList;
			buildConfigurations = (
				E069D85E2ED4B66F0090FBB1 /* Debug */,
				E069D85F2ED4B66F0090FBB1 /* Release */,
			);
			defaultConfigurationIsVisible = 0;
			defaultConfigurationName = Release;
		};
		E069D8602ED4B66F0090FBB1 /* Build configuration list for PBXNativeTarget "InstaMemeUITests" */ = {
			isa = XCConfigurationList;
			buildConfigurations = (
				E069D8612ED4B66F0090FBB1 /* Debug */,
				E069D8622ED4B66F0090FBB1 /* Release */,
			);
			defaultConfigurationIsVisible = 0;
			defaultConfigurationName = Release;
		};
/* End XCConfigurationList section */

/* Begin XCRemoteSwiftPackageReference section */
		E069D89F2ED537AF0090FBB1 /* XCRemoteSwiftPackageReference "mlx-swift-lm" */ = {
			isa = XCRemoteSwiftPackageReference;
			repositoryURL = "https://github.com/ml-explore/mlx-swift-lm";
			requirement = {
				kind = upToNextMajorVersion;
				minimumVersion = 2.29.2;
			};
		};
/* End XCRemoteSwiftPackageReference section */

/* Begin XCSwiftPackageProductDependency section */
		E069D8A02ED537AF0090FBB1 /* MLXLMCommon */ = {
			isa = XCSwiftPackageProductDependency;
			package = E069D89F2ED537AF0090FBB1 /* XCRemoteSwiftPackageReference "mlx-swift-lm" */;
			productName = MLXLMCommon;
		};
		E069D8A22ED537AF0090FBB1 /* MLXVLM */ = {
			isa = XCSwiftPackageProductDependency;
			package = E069D89F2ED537AF0090FBB1 /* XCRemoteSwiftPackageReference "mlx-swift-lm" */;
			productName = MLXVLM;
		};
		E069D8A62ED5705C0090FBB1 /* MLXLLM */ = {
			isa = XCSwiftPackageProductDependency;
			package = E069D89F2ED537AF0090FBB1 /* XCRemoteSwiftPackageReference "mlx-swift-lm" */;
			productName = MLXLLM;
		};
/* End XCSwiftPackageProductDependency section */
	};
	rootObject = E069D82F2ED4B6690090FBB1 /* Project object */;
}
